# THIS IS AN AUTOGENERATED FILE. DO NOT EDIT THIS FILE DIRECTLY.
# yarn lockfile v1


"@babylonjs/core@4.0.3", "@babylonjs/core@^4.0.3":
  version "4.0.3"
  resolved "https://registry.yarnpkg.com/@babylonjs/core/-/core-4.0.3.tgz#67e04f42ecd2c68d2668e07c9c61f29081244a59"
  integrity sha512-M9UYwAwXLIBq+WzNdmYD3TjgHJ+Vb85/pjqt9vN6SqmkwfpmMibfKr3bXkNgodZrVS+UUjvf8A/aWI3cJH0MNg==
  dependencies:
    tslib "^1.9.3"

"@babylonjs/gui@4.0.3":
  version "4.0.3"
  resolved "https://registry.yarnpkg.com/@babylonjs/gui/-/gui-4.0.3.tgz#044bf3be581108c5c3a2d820d994f8ba88d3c46d"
  integrity sha512-cjjA8yjMZ94Dr1yTNFyLSTkFGUjknNVG3XnFCYVezrh4IxVG4mDtlCOrXRzgF5jBVgk3ErXiVrno5xhb+axC7g==
  dependencies:
    "@babylonjs/core" "4.0.3"
    tslib "^1.9.3"

"@babylonjs/inspector@^4.0.3":
  version "4.0.3"
  resolved "https://registry.yarnpkg.com/@babylonjs/inspector/-/inspector-4.0.3.tgz#f13796526ce4e6e405ce901b840af022e5d7910f"
  integrity sha512-xDrzNdxURcKuCTNZA2ZafdZVXhJwEtw0YBrv9vYWc5rYQjoMzDt5PuC4/qeYeM9DlKkVtrFOpj9YzaoNTam2Sw==
  dependencies:
    "@babylonjs/core" "4.0.3"
    "@babylonjs/gui" "4.0.3"
    "@babylonjs/loaders" "4.0.3"
    "@babylonjs/serializers" "4.0.3"
    "@types/react" "~16.7.3"
    "@types/react-dom" "~16.0.9"
    babylonjs-gltf2interface "4.0.3"
    tslib "^1.9.3"

"@babylonjs/loaders@4.0.3":
  version "4.0.3"
  resolved "https://registry.yarnpkg.com/@babylonjs/loaders/-/loaders-4.0.3.tgz#3c5c98994f27a2f5ce486115035292d39120ec59"
  integrity sha512-yjXqWFk9EHY2WbGbLQKB1bFSIrCuBsEX2Fw52A1SOIxL3TlRkICSKRvTGUJP8lvEGds/OikUD51VwZs2zX6SAw==
  dependencies:
    "@babylonjs/core" "4.0.3"
    babylonjs-gltf2interface "4.0.3"
    tslib "^1.9.3"

"@babylonjs/serializers@4.0.3":
  version "4.0.3"
  resolved "https://registry.yarnpkg.com/@babylonjs/serializers/-/serializers-4.0.3.tgz#ea8959ca6de9cd96c4cba71c8427917a84385538"
  integrity sha512-yPvGlYEAOik2TEMR/wcxEHhNgCQ2ofwYL4ZYzxnyw+kBKKTUnSkn1a3ll8QtnBd0wJtexdtytOW7ZsFkAe2kMQ==
  dependencies:
    "@babylonjs/core" "4.0.3"
    babylonjs-gltf2interface "4.0.3"
    tslib "^1.9.3"

"@types/prop-types@*":
  version "15.7.1"
  resolved "https://registry.yarnpkg.com/@types/prop-types/-/prop-types-15.7.1.tgz#f1a11e7babb0c3cad68100be381d1e064c68f1f6"
  integrity sha512-CFzn9idOEpHrgdw8JsoTkaDDyRWk1jrzIV8djzcgpq0y9tG4B4lFT+Nxh52DVpDXV+n4+NPNv7M1Dj5uMp6XFg==

"@types/react-dom@~16.0.9":
  version "16.0.11"
  resolved "https://registry.yarnpkg.com/@types/react-dom/-/react-dom-16.0.11.tgz#bd10ccb0d9260343f4b9a49d4f7a8330a5c1f081"
  integrity sha512-x6zUx9/42B5Kl2Vl9HlopV8JF64wLpX3c+Pst9kc1HgzrsH+mkehe/zmHMQTplIrR48H2gpU7ZqurQolYu8XBA==
  dependencies:
    "@types/react" "*"

"@types/react@*":
  version "16.8.25"
  resolved "https://registry.yarnpkg.com/@types/react/-/react-16.8.25.tgz#0247613ab58b1b11ba10fed662e1947c5f2bb89c"
  integrity sha512-ydAAkLnNTC4oYSxJ3zwK/4QcVmEecACJ4ZdxXITbxz/dhahBSDKY6OQ1uawAW6rE/7kfHccxulYLSAIZVrSq0A==
  dependencies:
    "@types/prop-types" "*"
    csstype "^2.2.0"

"@types/react@~16.7.3":
  version "16.7.22"
  resolved "https://registry.yarnpkg.com/@types/react/-/react-16.7.22.tgz#5bc6d166d5ac34b835756f0b736c7b1af0043e81"
  integrity sha512-j/3tVoY09kHcTfbia4l67ofQn9xvktUvlC/4QN0KuBHAXlbU/wuGKMb8WfEb/vIcWxsOxHv559uYprkFDFfP8Q==
  dependencies:
    "@types/prop-types" "*"
    csstype "^2.2.0"

babylonjs-gltf2interface@4.0.3:
  version "4.0.3"
  resolved "https://registry.yarnpkg.com/babylonjs-gltf2interface/-/babylonjs-gltf2interface-4.0.3.tgz#e81cc65fac93b723feef4980b7497fa4643a8c4c"
  integrity sha512-ys8cEhlkYmBCJ3F/aBemVNKPkaV5fPghR4wgQfvUTNCF9pFlwYZpJ1KXEPj4+z6OohXN14AQMcaiafL+bmVLlg==

csstype@^2.2.0:
  version "2.6.6"
  resolved "https://registry.yarnpkg.com/csstype/-/csstype-2.6.6.tgz#c34f8226a94bbb10c32cc0d714afdf942291fc41"
  integrity sha512-RpFbQGUE74iyPgvr46U9t1xoQBM8T4BL8SxrN66Le2xYAPSaDJJKeztV3awugusb3g3G9iL8StmkBBXhcbbXhg==

tslib@^1.9.3:
  version "1.10.0"
  resolved "https://registry.yarnpkg.com/tslib/-/tslib-1.10.0.tgz#c3c19f95973fb0a62973fb09d90d961ee43e5c8a"
  integrity sha512-qOebF53frne81cf0S9B41ByenJ3/IuH8yJKngAX35CmiZySA0khhkovshKK+jGCaMnVomla7gVlIcc3EvKPbTQ==
